// !$*UTF8*$!
{
	archiveVersion = 1;
	classes = {
	};
	objectVersion = 46;
	objects = {

/* Begin PBXBuildFile section */
		B05B654517F3EB1D0016A3EB /* Foundation.framework in Frameworks */ = {isa = PBXBuildFile; fileRef = B05B654417F3EB1D0016A3EB /* Foundation.framework */; };
		B05B654717F3EB1E0016A3EB /* CoreGraphics.framework in Frameworks */ = {isa = PBXBuildFile; fileRef = B05B654617F3EB1D0016A3EB /* CoreGraphics.framework */; };
		B05B654917F3EB1E0016A3EB /* UIKit.framework in Frameworks */ = {isa = PBXBuildFile; fileRef = B05B654817F3EB1E0016A3EB /* UIKit.framework */; };
		B05B654B17F3EB1E0016A3EB /* SpriteKit.framework in Frameworks */ = {isa = PBXBuildFile; fileRef = B05B654A17F3EB1E0016A3EB /* SpriteKit.framework */; };
		B05B655117F3EB1E0016A3EB /* InfoPlist.strings in Resources */ = {isa = PBXBuildFile; fileRef = B05B654F17F3EB1E0016A3EB /* InfoPlist.strings */; };
		B05B655317F3EB1E0016A3EB /* main.m in Sources */ = {isa = PBXBuildFile; fileRef = B05B655217F3EB1E0016A3EB /* main.m */; };
		B05B655717F3EB1E0016A3EB /* SVGAppDelegate.m in Sources */ = {isa = PBXBuildFile; fileRef = B05B655617F3EB1E0016A3EB /* SVGAppDelegate.m */; };
		B05B655A17F3EB1E0016A3EB /* Main_iPhone.storyboard in Resources */ = {isa = PBXBuildFile; fileRef = B05B655817F3EB1E0016A3EB /* Main_iPhone.storyboard */; };
		B05B655D17F3EB1E0016A3EB /* Main_iPad.storyboard in Resources */ = {isa = PBXBuildFile; fileRef = B05B655B17F3EB1E0016A3EB /* Main_iPad.storyboard */; };
		B05B656017F3EB1E0016A3EB /* SVGViewController.m in Sources */ = {isa = PBXBuildFile; fileRef = B05B655F17F3EB1E0016A3EB /* SVGViewController.m */; };
		B05B656317F3EB1E0016A3EB /* SVGMyScene.m in Sources */ = {isa = PBXBuildFile; fileRef = B05B656217F3EB1E0016A3EB /* SVGMyScene.m */; };
		B05B656517F3EB1E0016A3EB /* Spaceship.png in Resources */ = {isa = PBXBuildFile; fileRef = B05B656417F3EB1E0016A3EB /* Spaceship.png */; };
		B05B656717F3EB1E0016A3EB /* Images.xcassets in Resources */ = {isa = PBXBuildFile; fileRef = B05B656617F3EB1E0016A3EB /* Images.xcassets */; };
		B05B656E17F3EB1F0016A3EB /* XCTest.framework in Frameworks */ = {isa = PBXBuildFile; fileRef = B05B656D17F3EB1E0016A3EB /* XCTest.framework */; };
		B05B656F17F3EB1F0016A3EB /* Foundation.framework in Frameworks */ = {isa = PBXBuildFile; fileRef = B05B654417F3EB1D0016A3EB /* Foundation.framework */; };
		B05B657017F3EB1F0016A3EB /* UIKit.framework in Frameworks */ = {isa = PBXBuildFile; fileRef = B05B654817F3EB1E0016A3EB /* UIKit.framework */; };
		B05B657817F3EB1F0016A3EB /* InfoPlist.strings in Resources */ = {isa = PBXBuildFile; fileRef = B05B657617F3EB1F0016A3EB /* InfoPlist.strings */; };
		B05B657A17F3EB1F0016A3EB /* EscapeTests.m in Sources */ = {isa = PBXBuildFile; fileRef = B05B657917F3EB1F0016A3EB /* EscapeTests.m */; };
/* End PBXBuildFile section */

/* Begin PBXContainerItemProxy section */
		B05B657117F3EB1F0016A3EB /* PBXContainerItemProxy */ = {
			isa = PBXContainerItemProxy;
			containerPortal = B05B653917F3EB1D0016A3EB /* Project object */;
			proxyType = 1;
			remoteGlobalIDString = B05B654017F3EB1D0016A3EB;
			remoteInfo = Escape;
		};
/* End PBXContainerItemProxy section */

/* Begin PBXFileReference section */
		B05B654117F3EB1D0016A3EB /* Escape.app */ = {isa = PBXFileReference; explicitFileType = wrapper.application; includeInIndex = 0; path = Escape.app; sourceTree = BUILT_PRODUCTS_DIR; };
		B05B654417F3EB1D0016A3EB /* Foundation.framework */ = {isa = PBXFileReference; lastKnownFileType = wrapper.framework; name = Foundation.framework; path = System/Library/Frameworks/Foundation.framework; sourceTree = SDKROOT; };
		B05B654617F3EB1D0016A3EB /* CoreGraphics.framework */ = {isa = PBXFileReference; lastKnownFileType = wrapper.framework; name = CoreGraphics.framework; path = System/Library/Frameworks/CoreGraphics.framework; sourceTree = SDKROOT; };
		B05B654817F3EB1E0016A3EB /* UIKit.framework */ = {isa = PBXFileReference; lastKnownFileType = wrapper.framework; name = UIKit.framework; path = System/Library/Frameworks/UIKit.framework; sourceTree = SDKROOT; };
		B05B654A17F3EB1E0016A3EB /* SpriteKit.framework */ = {isa = PBXFileReference; lastKnownFileType = wrapper.framework; name = SpriteKit.framework; path = System/Library/Frameworks/SpriteKit.framework; sourceTree = SDKROOT; };
		B05B654E17F3EB1E0016A3EB /* Escape-Info.plist */ = {isa = PBXFileReference; lastKnownFileType = text.plist.xml; path = "Escape-Info.plist"; sourceTree = "<group>"; };
		B05B655017F3EB1E0016A3EB /* en */ = {isa = PBXFileReference; lastKnownFileType = text.plist.strings; name = en; path = en.lproj/InfoPlist.strings; sourceTree = "<group>"; };
		B05B655217F3EB1E0016A3EB /* main.m */ = {isa = PBXFileReference; lastKnownFileType = sourcecode.c.objc; path = main.m; sourceTree = "<group>"; };
		B05B655417F3EB1E0016A3EB /* Escape-Prefix.pch */ = {isa = PBXFileReference; lastKnownFileType = sourcecode.c.h; path = "Escape-Prefix.pch"; sourceTree = "<group>"; };
		B05B655517F3EB1E0016A3EB /* SVGAppDelegate.h */ = {isa = PBXFileReference; lastKnownFileType = sourcecode.c.h; path = SVGAppDelegate.h; sourceTree = "<group>"; };
		B05B655617F3EB1E0016A3EB /* SVGAppDelegate.m */ = {isa = PBXFileReference; lastKnownFileType = sourcecode.c.objc; path = SVGAppDelegate.m; sourceTree = "<group>"; };
		B05B655917F3EB1E0016A3EB /* Base */ = {isa = PBXFileReference; lastKnownFileType = file.storyboard; name = Base; path = Base.lproj/Main_iPhone.storyboard; sourceTree = "<group>"; };
		B05B655C17F3EB1E0016A3EB /* Base */ = {isa = PBXFileReference; lastKnownFileType = file.storyboard; name = Base; path = Base.lproj/Main_iPad.storyboard; sourceTree = "<group>"; };
		B05B655E17F3EB1E0016A3EB /* SVGViewController.h */ = {isa = PBXFileReference; lastKnownFileType = sourcecode.c.h; path = SVGViewController.h; sourceTree = "<group>"; };
		B05B655F17F3EB1E0016A3EB /* SVGViewController.m */ = {isa = PBXFileReference; lastKnownFileType = sourcecode.c.objc; path = SVGViewController.m; sourceTree = "<group>"; };
		B05B656117F3EB1E0016A3EB /* SVGMyScene.h */ = {isa = PBXFileReference; lastKnownFileType = sourcecode.c.h; path = SVGMyScene.h; sourceTree = "<group>"; };
		B05B656217F3EB1E0016A3EB /* SVGMyScene.m */ = {isa = PBXFileReference; lastKnownFileType = sourcecode.c.objc; path = SVGMyScene.m; sourceTree = "<group>"; };
		B05B656417F3EB1E0016A3EB /* Spaceship.png */ = {isa = PBXFileReference; lastKnownFileType = image.png; path = Spaceship.png; sourceTree = "<group>"; };
		B05B656617F3EB1E0016A3EB /* Images.xcassets */ = {isa = PBXFileReference; lastKnownFileType = folder.assetcatalog; path = Images.xcassets; sourceTree = "<group>"; };
		B05B656C17F3EB1E0016A3EB /* EscapeTests.xctest */ = {isa = PBXFileReference; explicitFileType = wrapper.cfbundle; includeInIndex = 0; path = EscapeTests.xctest; sourceTree = BUILT_PRODUCTS_DIR; };
		B05B656D17F3EB1E0016A3EB /* XCTest.framework */ = {isa = PBXFileReference; lastKnownFileType = wrapper.framework; name = XCTest.framework; path = Library/Frameworks/XCTest.framework; sourceTree = DEVELOPER_DIR; };
		B05B657517F3EB1F0016A3EB /* EscapeTests-Info.plist */ = {isa = PBXFileReference; lastKnownFileType = text.plist.xml; path = "EscapeTests-Info.plist"; sourceTree = "<group>"; };
		B05B657717F3EB1F0016A3EB /* en */ = {isa = PBXFileReference; lastKnownFileType = text.plist.strings; name = en; path = en.lproj/InfoPlist.strings; sourceTree = "<group>"; };
		B05B657917F3EB1F0016A3EB /* EscapeTests.m */ = {isa = PBXFileReference; lastKnownFileType = sourcecode.c.objc; path = EscapeTests.m; sourceTree = "<group>"; };
/* End PBXFileReference section */

/* Begin PBXFrameworksBuildPhase section */
		B05B653E17F3EB1D0016A3EB /* Frameworks */ = {
			isa = PBXFrameworksBuildPhase;
			buildActionMask = 2147483647;
			files = (
				B05B654717F3EB1E0016A3EB /* CoreGraphics.framework in Frameworks */,
				B05B654917F3EB1E0016A3EB /* UIKit.framework in Frameworks */,
				B05B654B17F3EB1E0016A3EB /* SpriteKit.framework in Frameworks */,
				B05B654517F3EB1D0016A3EB /* Foundation.framework in Frameworks */,
			);
			runOnlyForDeploymentPostprocessing = 0;
		};
		B05B656917F3EB1E0016A3EB /* Frameworks */ = {
			isa = PBXFrameworksBuildPhase;
			buildActionMask = 2147483647;
			files = (
				B05B656E17F3EB1F0016A3EB /* XCTest.framework in Frameworks */,
				B05B657017F3EB1F0016A3EB /* UIKit.framework in Frameworks */,
				B05B656F17F3EB1F0016A3EB /* Foundation.framework in Frameworks */,
			);
			runOnlyForDeploymentPostprocessing = 0;
		};
/* End PBXFrameworksBuildPhase section */

/* Begin PBXGroup section */
		B05B653817F3EB1C0016A3EB = {
			isa = PBXGroup;
			children = (
				B05B654C17F3EB1E0016A3EB /* Escape */,
				B05B657317F3EB1F0016A3EB /* EscapeTests */,
				B05B654317F3EB1D0016A3EB /* Frameworks */,
				B05B654217F3EB1D0016A3EB /* Products */,
			);
			sourceTree = "<group>";
		};
		B05B654217F3EB1D0016A3EB /* Products */ = {
			isa = PBXGroup;
			children = (
				B05B654117F3EB1D0016A3EB /* Escape.app */,
				B05B656C17F3EB1E0016A3EB /* EscapeTests.xctest */,
			);
			name = Products;
			sourceTree = "<group>";
		};
		B05B654317F3EB1D0016A3EB /* Frameworks */ = {
			isa = PBXGroup;
			children = (
				B05B654417F3EB1D0016A3EB /* Foundation.framework */,
				B05B654617F3EB1D0016A3EB /* CoreGraphics.framework */,
				B05B654817F3EB1E0016A3EB /* UIKit.framework */,
				B05B654A17F3EB1E0016A3EB /* SpriteKit.framework */,
				B05B656D17F3EB1E0016A3EB /* XCTest.framework */,
			);
			name = Frameworks;
			sourceTree = "<group>";
		};
		B05B654C17F3EB1E0016A3EB /* Escape */ = {
			isa = PBXGroup;
			children = (
				B05B655517F3EB1E0016A3EB /* SVGAppDelegate.h */,
				B05B655617F3EB1E0016A3EB /* SVGAppDelegate.m */,
				B05B655817F3EB1E0016A3EB /* Main_iPhone.storyboard */,
				B05B655B17F3EB1E0016A3EB /* Main_iPad.storyboard */,
				B05B655E17F3EB1E0016A3EB /* SVGViewController.h */,
				B05B655F17F3EB1E0016A3EB /* SVGViewController.m */,
				B05B656117F3EB1E0016A3EB /* SVGMyScene.h */,
				B05B656217F3EB1E0016A3EB /* SVGMyScene.m */,
				B05B656417F3EB1E0016A3EB /* Spaceship.png */,
				B05B656617F3EB1E0016A3EB /* Images.xcassets */,
				B05B654D17F3EB1E0016A3EB /* Supporting Files */,
			);
			path = Escape;
			sourceTree = "<group>";
		};
		B05B654D17F3EB1E0016A3EB /* Supporting Files */ = {
			isa = PBXGroup;
			children = (
				B05B654E17F3EB1E0016A3EB /* Escape-Info.plist */,
				B05B654F17F3EB1E0016A3EB /* InfoPlist.strings */,
				B05B655217F3EB1E0016A3EB /* main.m */,
				B05B655417F3EB1E0016A3EB /* Escape-Prefix.pch */,
			);
			name = "Supporting Files";
			sourceTree = "<group>";
		};
		B05B657317F3EB1F0016A3EB /* EscapeTests */ = {
			isa = PBXGroup;
			children = (
				B05B657917F3EB1F0016A3EB /* EscapeTests.m */,
				B05B657417F3EB1F0016A3EB /* Supporting Files */,
			);
			path = EscapeTests;
			sourceTree = "<group>";
		};
		B05B657417F3EB1F0016A3EB /* Supporting Files */ = {
			isa = PBXGroup;
			children = (
				B05B657517F3EB1F0016A3EB /* EscapeTests-Info.plist */,
				B05B657617F3EB1F0016A3EB /* InfoPlist.strings */,
			);
			name = "Supporting Files";
			sourceTree = "<group>";
		};
/* End PBXGroup section */

/* Begin PBXNativeTarget section */
		B05B654017F3EB1D0016A3EB /* Escape */ = {
			isa = PBXNativeTarget;
			buildConfigurationList = B05B657D17F3EB1F0016A3EB /* Build configuration list for PBXNativeTarget "Escape" */;
			buildPhases = (
				B05B653D17F3EB1D0016A3EB /* Sources */,
				B05B653E17F3EB1D0016A3EB /* Frameworks */,
				B05B653F17F3EB1D0016A3EB /* Resources */,
			);
			buildRules = (
			);
			dependencies = (
			);
			name = Escape;
			productName = Escape;
			productReference = B05B654117F3EB1D0016A3EB /* Escape.app */;
			productType = "com.apple.product-type.application";
		};
		B05B656B17F3EB1E0016A3EB /* EscapeTests */ = {
			isa = PBXNativeTarget;
			buildConfigurationList = B05B658017F3EB1F0016A3EB /* Build configuration list for PBXNativeTarget "EscapeTests" */;
			buildPhases = (
				B05B656817F3EB1E0016A3EB /* Sources */,
				B05B656917F3EB1E0016A3EB /* Frameworks */,
				B05B656A17F3EB1E0016A3EB /* Resources */,
			);
			buildRules = (
			);
			dependencies = (
				B05B657217F3EB1F0016A3EB /* PBXTargetDependency */,
			);
			name = EscapeTests;
			productName = EscapeTests;
			productReference = B05B656C17F3EB1E0016A3EB /* EscapeTests.xctest */;
			productType = "com.apple.product-type.bundle.unit-test";
		};
/* End PBXNativeTarget section */

/* Begin PBXProject section */
		B05B653917F3EB1D0016A3EB /* Project object */ = {
			isa = PBXProject;
			attributes = {
				CLASSPREFIX = SVG;
				LastUpgradeCheck = 0500;
				ORGANIZATIONNAME = "Steven Veshkini";
				TargetAttributes = {
					B05B656B17F3EB1E0016A3EB = {
						TestTargetID = B05B654017F3EB1D0016A3EB;
					};
				};
			};
			buildConfigurationList = B05B653C17F3EB1D0016A3EB /* Build configuration list for PBXProject "Escape" */;
			compatibilityVersion = "Xcode 3.2";
			developmentRegion = English;
			hasScannedForEncodings = 0;
			knownRegions = (
				en,
				Base,
			);
			mainGroup = B05B653817F3EB1C0016A3EB;
			productRefGroup = B05B654217F3EB1D0016A3EB /* Products */;
			projectDirPath = "";
			projectRoot = "";
			targets = (
				B05B654017F3EB1D0016A3EB /* Escape */,
				B05B656B17F3EB1E0016A3EB /* EscapeTests */,
			);
		};
/* End PBXProject section */

/* Begin PBXResourcesBuildPhase section */
		B05B653F17F3EB1D0016A3EB /* Resources */ = {
			isa = PBXResourcesBuildPhase;
			buildActionMask = 2147483647;
			files = (
				B05B656517F3EB1E0016A3EB /* Spaceship.png in Resources */,
				B05B656717F3EB1E0016A3EB /* Images.xcassets in Resources */,
				B05B655D17F3EB1E0016A3EB /* Main_iPad.storyboard in Resources */,
				B05B655A17F3EB1E0016A3EB /* Main_iPhone.storyboard in Resources */,
				B05B655117F3EB1E0016A3EB /* InfoPlist.strings in Resources */,
			);
			runOnlyForDeploymentPostprocessing = 0;
		};
		B05B656A17F3EB1E0016A3EB /* Resources */ = {
			isa = PBXResourcesBuildPhase;
			buildActionMask = 2147483647;
			files = (
				B05B657817F3EB1F0016A3EB /* InfoPlist.strings in Resources */,
			);
			runOnlyForDeploymentPostprocessing = 0;
		};
/* End PBXResourcesBuildPhase section */

/* Begin PBXSourcesBuildPhase section */
		B05B653D17F3EB1D0016A3EB /* Sources */ = {
			isa = PBXSourcesBuildPhase;
			buildActionMask = 2147483647;
			files = (
				B05B655317F3EB1E0016A3EB /* main.m in Sources */,
				B05B656017F3EB1E0016A3EB /* SVGViewController.m in Sources */,
				B05B655717F3EB1E0016A3EB /* SVGAppDelegate.m in Sources */,
				B05B656317F3EB1E0016A3EB /* SVGMyScene.m in Sources */,
			);
			runOnlyForDeploymentPostprocessing = 0;
		};
		B05B656817F3EB1E0016A3EB /* Sources */ = {
			isa = PBXSourcesBuildPhase;
			buildActionMask = 2147483647;
			files = (
				B05B657A17F3EB1F0016A3EB /* EscapeTests.m in Sources */,
			);
			runOnlyForDeploymentPostprocessing = 0;
		};
/* End PBXSourcesBuildPhase section */

/* Begin PBXTargetDependency section */
		B05B657217F3EB1F0016A3EB /* PBXTargetDependency */ = {
			isa = PBXTargetDependency;
			target = B05B654017F3EB1D0016A3EB /* Escape */;
			targetProxy = B05B657117F3EB1F0016A3EB /* PBXContainerItemProxy */;
		};
/* End PBXTargetDependency section */

/* Begin PBXVariantGroup section */
		B05B654F17F3EB1E0016A3EB /* InfoPlist.strings */ = {
			isa = PBXVariantGroup;
			children = (
				B05B655017F3EB1E0016A3EB /* en */,
			);
			name = InfoPlist.strings;
			sourceTree = "<group>";
		};
		B05B655817F3EB1E0016A3EB /* Main_iPhone.storyboard */ = {
			isa = PBXVariantGroup;
			children = (
				B05B655917F3EB1E0016A3EB /* Base */,
			);
			name = Main_iPhone.storyboard;
			sourceTree = "<group>";
		};
		B05B655B17F3EB1E0016A3EB /* Main_iPad.storyboard */ = {
			isa = PBXVariantGroup;
			children = (
				B05B655C17F3EB1E0016A3EB /* Base */,
			);
			name = Main_iPad.storyboard;
			sourceTree = "<group>";
		};
		B05B657617F3EB1F0016A3EB /* InfoPlist.strings */ = {
			isa = PBXVariantGroup;
			children = (
				B05B657717F3EB1F0016A3EB /* en */,
			);
			name = InfoPlist.strings;
			sourceTree = "<group>";
		};
/* End PBXVariantGroup section */

/* Begin XCBuildConfiguration section */
		B05B657B17F3EB1F0016A3EB /* Debug */ = {
			isa = XCBuildConfiguration;
			buildSettings = {
				ALWAYS_SEARCH_USER_PATHS = NO;
				ARCHS = "$(ARCHS_STANDARD_INCLUDING_64_BIT)";
				CLANG_CXX_LANGUAGE_STANDARD = "gnu++0x";
				CLANG_CXX_LIBRARY = "libc++";
				CLANG_ENABLE_MODULES = YES;
				CLANG_ENABLE_OBJC_ARC = YES;
				CLANG_WARN_BOOL_CONVERSION = YES;
				CLANG_WARN_CONSTANT_CONVERSION = YES;
				CLANG_WARN_DIRECT_OBJC_ISA_USAGE = YES_ERROR;
				CLANG_WARN_EMPTY_BODY = YES;
				CLANG_WARN_ENUM_CONVERSION = YES;
				CLANG_WARN_INT_CONVERSION = YES;
				CLANG_WARN_OBJC_ROOT_CLASS = YES_ERROR;
				CLANG_WARN__DUPLICATE_METHOD_MATCH = YES;
				"CODE_SIGN_IDENTITY[sdk=iphoneos*]" = "iPhone Developer";
				COPY_PHASE_STRIP = NO;
				GCC_C_LANGUAGE_STANDARD = gnu99;
				GCC_DYNAMIC_NO_PIC = NO;
				GCC_OPTIMIZATION_LEVEL = 0;
				GCC_PREPROCESSOR_DEFINITIONS = (
					"DEBUG=1",
					"$(inherited)",
				);
				GCC_SYMBOLS_PRIVATE_EXTERN = NO;
				GCC_WARN_64_TO_32_BIT_CONVERSION = YES;
				GCC_WARN_ABOUT_RETURN_TYPE = YES_ERROR;
				GCC_WARN_UNDECLARED_SELECTOR = YES;
				GCC_WARN_UNINITIALIZED_AUTOS = YES;
				GCC_WARN_UNUSED_FUNCTION = YES;
				GCC_WARN_UNUSED_VARIABLE = YES;
				IPHONEOS_DEPLOYMENT_TARGET = 7.0;
				ONLY_ACTIVE_ARCH = YES;
				SDKROOT = iphoneos;
				TARGETED_DEVICE_FAMILY = "1,2";
			};
			name = Debug;
		};
		B05B657C17F3EB1F0016A3EB /* Release */ = {
			isa = XCBuildConfiguration;
			buildSettings = {
				ALWAYS_SEARCH_USER_PATHS = NO;
				ARCHS = "$(ARCHS_STANDARD_INCLUDING_64_BIT)";
				CLANG_CXX_LANGUAGE_STANDARD = "gnu++0x";
				CLANG_CXX_LIBRARY = "libc++";
				CLANG_ENABLE_MODULES = YES;
				CLANG_ENABLE_OBJC_ARC = YES;
				CLANG_WARN_BOOL_CONVERSION = YES;
				CLANG_WARN_CONSTANT_CONVERSION = YES;
				CLANG_WARN_DIRECT_OBJC_ISA_USAGE = YES_ERROR;
				CLANG_WARN_EMPTY_BODY = YES;
				CLANG_WARN_ENUM_CONVERSION = YES;
				CLANG_WARN_INT_CONVERSION = YES;
				CLANG_WARN_OBJC_ROOT_CLASS = YES_ERROR;
				CLANG_WARN__DUPLICATE_METHOD_MATCH = YES;
				"CODE_SIGN_IDENTITY[sdk=iphoneos*]" = "iPhone Developer";
				COPY_PHASE_STRIP = YES;
				ENABLE_NS_ASSERTIONS = NO;
				GCC_C_LANGUAGE_STANDARD = gnu99;
				GCC_WARN_64_TO_32_BIT_CONVERSION = YES;
				GCC_WARN_ABOUT_RETURN_TYPE = YES_ERROR;
				GCC_WARN_UNDECLARED_SELECTOR = YES;
				GCC_WARN_UNINITIALIZED_AUTOS = YES;
				GCC_WARN_UNUSED_FUNCTION = YES;
				GCC_WARN_UNUSED_VARIABLE = YES;
				IPHONEOS_DEPLOYMENT_TARGET = 7.0;
				SDKROOT = iphoneos;
				TARGETED_DEVICE_FAMILY = "1,2";
				VALIDATE_PRODUCT = YES;
			};
			name = Release;
		};
		B05B657E17F3EB1F0016A3EB /* Debug */ = {
			isa = XCBuildConfiguration;
			buildSettings = {
				ASSETCATALOG_COMPILER_APPICON_NAME = AppIcon;
				ASSETCATALOG_COMPILER_LAUNCHIMAGE_NAME = LaunchImage;
				GCC_PRECOMPILE_PREFIX_HEADER = YES;
				GCC_PREFIX_HEADER = "Escape/Escape-Prefix.pch";
				INFOPLIST_FILE = "Escape/Escape-Info.plist";
				PRODUCT_NAME = "$(TARGET_NAME)";
				SPRITEKIT_TEXTURE_ATLAS_OUTPUT = YES;
				WRAPPER_EXTENSION = app;
			};
			name = Debug;
		};
		B05B657F17F3EB1F0016A3EB /* Release */ = {
			isa = XCBuildConfiguration;
			buildSettings = {
				ASSETCATALOG_COMPILER_APPICON_NAME = AppIcon;
				ASSETCATALOG_COMPILER_LAUNCHIMAGE_NAME = LaunchImage;
				GCC_PRECOMPILE_PREFIX_HEADER = YES;
				GCC_PREFIX_HEADER = "Escape/Escape-Prefix.pch";
				INFOPLIST_FILE = "Escape/Escape-Info.plist";
				PRODUCT_NAME = "$(TARGET_NAME)";
				SPRITEKIT_TEXTURE_ATLAS_OUTPUT = YES;
				WRAPPER_EXTENSION = app;
			};
			name = Release;
		};
		B05B658117F3EB1F0016A3EB /* Debug */ = {
			isa = XCBuildConfiguration;
			buildSettings = {
				ARCHS = "$(ARCHS_STANDARD_INCLUDING_64_BIT)";
				BUNDLE_LOADER = "$(BUILT_PRODUCTS_DIR)/Escape.app/Escape";
				FRAMEWORK_SEARCH_PATHS = (
					"$(SDKROOT)/Developer/Library/Frameworks",
					"$(inherited)",
					"$(DEVELOPER_FRAMEWORKS_DIR)",
				);
				GCC_PRECOMPILE_PREFIX_HEADER = YES;
				GCC_PREFIX_HEADER = "Escape/Escape-Prefix.pch";
				GCC_PREPROCESSOR_DEFINITIONS = (
					"DEBUG=1",
					"$(inherited)",
				);
				INFOPLIST_FILE = "EscapeTests/EscapeTests-Info.plist";
				PRODUCT_NAME = "$(TARGET_NAME)";
				TEST_HOST = "$(BUNDLE_LOADER)";
				WRAPPER_EXTENSION = xctest;
			};
			name = Debug;
		};
		B05B658217F3EB1F0016A3EB /* Release */ = {
			isa = XCBuildConfiguration;
			buildSettings = {
				ARCHS = "$(ARCHS_STANDARD_INCLUDING_64_BIT)";
				BUNDLE_LOADER = "$(BUILT_PRODUCTS_DIR)/Escape.app/Escape";
				FRAMEWORK_SEARCH_PATHS = (
					"$(SDKROOT)/Developer/Library/Frameworks",
					"$(inherited)",
					"$(DEVELOPER_FRAMEWORKS_DIR)",
				);
				GCC_PRECOMPILE_PREFIX_HEADER = YES;
				GCC_PREFIX_HEADER = "Escape/Escape-Prefix.pch";
				INFOPLIST_FILE = "EscapeTests/EscapeTests-Info.plist";
				PRODUCT_NAME = "$(TARGET_NAME)";
				TEST_HOST = "$(BUNDLE_LOADER)";
				WRAPPER_EXTENSION = xctest;
			};
			name = Release;
		};
/* End XCBuildConfiguration section */

/* Begin XCConfigurationList section */
		B05B653C17F3EB1D0016A3EB /* Build configuration list for PBXProject "Escape" */ = {
			isa = XCConfigurationList;
			buildConfigurations = (
				B05B657B17F3EB1F0016A3EB /* Debug */,
				B05B657C17F3EB1F0016A3EB /* Release */,
			);
			defaultConfigurationIsVisible = 0;
			defaultConfigurationName = Release;
		};
		B05B657D17F3EB1F0016A3EB /* Build configuration list for PBXNativeTarget "Escape" */ = {
			isa = XCConfigurationList;
			buildConfigurations = (
				B05B657E17F3EB1F0016A3EB /* Debug */,
				B05B657F17F3EB1F0016A3EB /* Release */,
			);
			defaultConfigurationIsVisible = 0;
		};
		B05B658017F3EB1F0016A3EB /* Build configuration list for PBXNativeTarget "EscapeTests" */ = {
			isa = XCConfigurationList;
			buildConfigurations = (
				B05B658117F3EB1F0016A3EB /* Debug */,
				B05B658217F3EB1F0016A3EB /* Release */,
			);
			defaultConfigurationIsVisible = 0;
		};
/* End XCConfigurationList section */
	};
	rootObject = B05B653917F3EB1D0016A3EB /* Project object */;
}
